Microsoft Visual Studio Solution File, Format Version 12.00
# Visual Studio Version 17
VisualStudioVersion = 17.5.2.0
MinimumVisualStudioVersion = 10.0.40219.1
Project("{FAE04EC0-301F-11D3-BF4B-00C04F79EFBC}") = "SingletonDemo", "SingletonDemo\SingletonDemo.csproj", "{D763DB6F-6B95-20BE-A29D-B25E8795D3DE}"
EndProject
Global
	GlobalSection(SolutionConfigurationPlatforms) = preSolution
		Debug|Any CPU = Debug|Any CPU
		Release|Any CPU = Release|Any CPU
	EndGlobalSection
	GlobalSection(ProjectConfigurationPlatforms) = postSolution
		{D763DB6F-6B95-20BE-A29D-B25E8795D3DE}.Debug|Any CPU.ActiveCfg = Debug|Any CPU
		{D763DB6F-6B95-20BE-A29D-B25E8795D3DE}.Debug|Any CPU.Build.0 = Debug|Any CPU
		{D763DB6F-6B95-20BE-A29D-B25E8795D3DE}.Release|Any CPU.ActiveCfg = Release|Any CPU
		{D763DB6F-6B95-20BE-A29D-B25E8795D3DE}.Release|Any CPU.Build.0 = Release|Any CPU
	EndGlobalSection
	GlobalSection(SolutionProperties) = preSolution
		HideSolutionNode = FALSE
	EndGlobalSection
	GlobalSection(ExtensibilityGlobals) = postSolution
		SolutionGuid = {601DE578-8B7C-40EF-9013-D9CB8213E2F3}
	EndGlobalSection
EndGlobal
